
Microsoft Visual Studio Solution File, Format Version 12.00
# Visual Studio Version 16
VisualStudioVersion = 16.0.31402.337
MinimumVisualStudioVersion = 10.0.40219.1
Project("{FAE04EC0-301F-11D3-BF4B-00C04F79EFBC}") = "NuGet.Workflow", "src\NuGet.Workflow\NuGet.Workflow.csproj", "{D1DA46FD-B4F9-4648-8044-9799132BD3DE}"
EndProject
Project("{FAE04EC0-301F-11D3-BF4B-00C04F79EFBC}") = "NuGet.Workflow.Tests", "tests\NuGet.Workflow.Tests\NuGet.Workflow.Tests.csproj", "{F51E4925-0B6C-4ABA-902D-B4E3FEDCC772}"
EndProject
Global
	GlobalSection(SolutionConfigurationPlatforms) = preSolution
		Debug|Any CPU = Debug|Any CPU
		Release|Any CPU = Release|Any CPU
	EndGlobalSection
	GlobalSection(ProjectConfigurationPlatforms) = postSolution
		{D1DA46FD-B4F9-4648-8044-9799132BD3DE}.Debug|Any CPU.ActiveCfg = Debug|Any CPU
		{D1DA46FD-B4F9-4648-8044-9799132BD3DE}.Debug|Any CPU.Build.0 = Debug|Any CPU
		{D1DA46FD-B4F9-4648-8044-9799132BD3DE}.Release|Any CPU.ActiveCfg = Release|Any CPU
		{D1DA46FD-B4F9-4648-8044-9799132BD3DE}.Release|Any CPU.Build.0 = Release|Any CPU
		{F51E4925-0B6C-4ABA-902D-B4E3FEDCC772}.Debug|Any CPU.ActiveCfg = Debug|Any CPU
		{F51E4925-0B6C-4ABA-902D-B4E3FEDCC772}.Debug|Any CPU.Build.0 = Debug|Any CPU
		{F51E4925-0B6C-4ABA-902D-B4E3FEDCC772}.Release|Any CPU.ActiveCfg = Release|Any CPU
		{F51E4925-0B6C-4ABA-902D-B4E3FEDCC772}.Release|Any CPU.Build.0 = Release|Any CPU
	EndGlobalSection
	GlobalSection(SolutionProperties) = preSolution
		HideSolutionNode = FALSE
	EndGlobalSection
	GlobalSection(ExtensibilityGlobals) = postSolution
		SolutionGuid = {DE47E241-DDA4-47BC-9EDA-460E98043CAF}
	EndGlobalSection
EndGlobal
